
Microsoft Visual Studio Solution File, Format Version 12.00
# Visual Studio 2012
Project("{FAE04EC0-301F-11D3-BF4B-00C04F79EFBC}") = "MinhasTarefasApp", "MinhasTarefasApp\MinhasTarefasApp.csproj", "{77184251-6EE6-432D-8433-D072CDDC4153}"
EndProject
Global
	GlobalSection(SolutionConfigurationPlatforms) = preSolution
		Debug|iPhoneSimulator = Debug|iPhoneSimulator
		Release|iPhone = Release|iPhone
		Release|iPhoneSimulator = Release|iPhoneSimulator
		Debug|iPhone = Debug|iPhone
	EndGlobalSection
	GlobalSection(ProjectConfigurationPlatforms) = postSolution
		{77184251-6EE6-432D-8433-D072CDDC4153}.Debug|iPhoneSimulator.ActiveCfg = Debug|iPhoneSimulator
		{77184251-6EE6-432D-8433-D072CDDC4153}.Debug|iPhoneSimulator.Build.0 = Debug|iPhoneSimulator
		{77184251-6EE6-432D-8433-D072CDDC4153}.Release|iPhone.ActiveCfg = Release|iPhone
		{77184251-6EE6-432D-8433-D072CDDC4153}.Release|iPhone.Build.0 = Release|iPhone
		{77184251-6EE6-432D-8433-D072CDDC4153}.Release|iPhoneSimulator.ActiveCfg = Release|iPhoneSimulator
		{77184251-6EE6-432D-8433-D072CDDC4153}.Release|iPhoneSimulator.Build.0 = Release|iPhoneSimulator
		{77184251-6EE6-432D-8433-D072CDDC4153}.Debug|iPhone.ActiveCfg = Debug|iPhone
		{77184251-6EE6-432D-8433-D072CDDC4153}.Debug|iPhone.Build.0 = Debug|iPhone
	EndGlobalSection
EndGlobal
